
Microsoft Visual Studio Solution File, Format Version 12.00
# Visual Studio Version 17
VisualStudioVersion = 17.2.32505.173
MinimumVisualStudioVersion = 10.0.40219.1
Project("{FAE04EC0-301F-11D3-BF4B-00C04F79EFBC}") = "RockPaperScissors", "RockPaperScissors\RockPaperScissors.csproj", "{8EFF4503-A84D-472A-A85E-46E36D4A9386}"
EndProject
Project("{FAE04EC0-301F-11D3-BF4B-00C04F79EFBC}") = "UnitTests", "UnitTests\UnitTests.csproj", "{3F9F7B15-BE3B-4F8E-9599-8D280F41BA90}"
EndProject
Global
	GlobalSection(SolutionConfigurationPlatforms) = preSolution
		Debug|Any CPU = Debug|Any CPU
		Release|Any CPU = Release|Any CPU
	EndGlobalSection
	GlobalSection(ProjectConfigurationPlatforms) = postSolution
		{8EFF4503-A84D-472A-A85E-46E36D4A9386}.Debug|Any CPU.ActiveCfg = Debug|Any CPU
		{8EFF4503-A84D-472A-A85E-46E36D4A9386}.Debug|Any CPU.Build.0 = Debug|Any CPU
		{8EFF4503-A84D-472A-A85E-46E36D4A9386}.Release|Any CPU.ActiveCfg = Release|Any CPU
		{8EFF4503-A84D-472A-A85E-46E36D4A9386}.Release|Any CPU.Build.0 = Release|Any CPU
		{3F9F7B15-BE3B-4F8E-9599-8D280F41BA90}.Debug|Any CPU.ActiveCfg = Debug|Any CPU
		{3F9F7B15-BE3B-4F8E-9599-8D280F41BA90}.Debug|Any CPU.Build.0 = Debug|Any CPU
		{3F9F7B15-BE3B-4F8E-9599-8D280F41BA90}.Release|Any CPU.ActiveCfg = Release|Any CPU
		{3F9F7B15-BE3B-4F8E-9599-8D280F41BA90}.Release|Any CPU.Build.0 = Release|Any CPU
	EndGlobalSection
	GlobalSection(SolutionProperties) = preSolution
		HideSolutionNode = FALSE
	EndGlobalSection
	GlobalSection(ExtensibilityGlobals) = postSolution
		SolutionGuid = {2D961394-9A0F-41B7-B91C-806FBC388356}
	EndGlobalSection
EndGlobal
